
Microsoft Visual Studio Solution File, Format Version 12.00
# Visual Studio Version 17
VisualStudioVersion = 17.4.33205.214
MinimumVisualStudioVersion = 10.0.40219.1
Project("{9A19103F-16F7-4668-BE54-9A1E7A4F7556}") = "PulumiApi", "PulumiApi\PulumiApi.csproj", "{3E5A5987-F8BD-4716-977D-8AF56E5A15C1}"
EndProject
Project("{9A19103F-16F7-4668-BE54-9A1E7A4F7556}") = "PulumiApi.Test", "PulumiApi.Test\PulumiApi.Test.csproj", "{EA4173A7-A9DA-439D-9E8E-A3438C1941C3}"
EndProject
Global
	GlobalSection(SolutionConfigurationPlatforms) = preSolution
		Debug|Any CPU = Debug|Any CPU
		Release|Any CPU = Release|Any CPU
	EndGlobalSection
	GlobalSection(ProjectConfigurationPlatforms) = postSolution
		{3E5A5987-F8BD-4716-977D-8AF56E5A15C1}.Debug|Any CPU.ActiveCfg = Debug|Any CPU
		{3E5A5987-F8BD-4716-977D-8AF56E5A15C1}.Debug|Any CPU.Build.0 = Debug|Any CPU
		{3E5A5987-F8BD-4716-977D-8AF56E5A15C1}.Release|Any CPU.ActiveCfg = Release|Any CPU
		{3E5A5987-F8BD-4716-977D-8AF56E5A15C1}.Release|Any CPU.Build.0 = Release|Any CPU
		{EA4173A7-A9DA-439D-9E8E-A3438C1941C3}.Debug|Any CPU.ActiveCfg = Debug|Any CPU
		{EA4173A7-A9DA-439D-9E8E-A3438C1941C3}.Debug|Any CPU.Build.0 = Debug|Any CPU
		{EA4173A7-A9DA-439D-9E8E-A3438C1941C3}.Release|Any CPU.ActiveCfg = Release|Any CPU
		{EA4173A7-A9DA-439D-9E8E-A3438C1941C3}.Release|Any CPU.Build.0 = Release|Any CPU
	EndGlobalSection
	GlobalSection(SolutionProperties) = preSolution
		HideSolutionNode = FALSE
	EndGlobalSection
	GlobalSection(ExtensibilityGlobals) = postSolution
		SolutionGuid = {107B9153-1891-4172-8DAF-2E4C45FAA735}
	EndGlobalSection
EndGlobal
